// !$*UTF8*$!
{
	archiveVersion = 1;
	classes = {
	};
	objectVersion = 46;
	objects = {

/* Begin PBXBuildFile section */
		DC26202B1E08E12D00B578F0 /* BlueBuff.m in Sources */ = {isa = PBXBuildFile; fileRef = DC26202A1E08E12D00B578F0 /* BlueBuff.m */; };
		DC26202F1E0916A300B578F0 /* Summoner1.m in Sources */ = {isa = PBXBuildFile; fileRef = DC26202E1E0916A300B578F0 /* Summoner1.m */; };
		DC2620321E09178A00B578F0 /* NotifyDataObject.m in Sources */ = {isa = PBXBuildFile; fileRef = DC2620311E09178A00B578F0 /* NotifyDataObject.m */; };
		DC2620351E0918E100B578F0 /* Summoner2.m in Sources */ = {isa = PBXBuildFile; fileRef = DC2620341E0918E100B578F0 /* Summoner2.m */; };
		DC2620381E09194100B578F0 /* Summoner3.m in Sources */ = {isa = PBXBuildFile; fileRef = DC2620371E09194100B578F0 /* Summoner3.m */; };
		DCE5C48F1E08DEA500E203C5 /* main.m in Sources */ = {isa = PBXBuildFile; fileRef = DCE5C48E1E08DEA500E203C5 /* main.m */; };
		DCE5C4921E08DEA500E203C5 /* AppDelegate.m in Sources */ = {isa = PBXBuildFile; fileRef = DCE5C4911E08DEA500E203C5 /* AppDelegate.m */; };
		DCE5C4951E08DEA500E203C5 /* ViewController.m in Sources */ = {isa = PBXBuildFile; fileRef = DCE5C4941E08DEA500E203C5 /* ViewController.m */; };
		DCE5C4981E08DEA500E203C5 /* Main.storyboard in Resources */ = {isa = PBXBuildFile; fileRef = DCE5C4961E08DEA500E203C5 /* Main.storyboard */; };
		DCE5C49A1E08DEA500E203C5 /* Assets.xcassets in Resources */ = {isa = PBXBuildFile; fileRef = DCE5C4991E08DEA500E203C5 /* Assets.xcassets */; };
		DCE5C49D1E08DEA500E203C5 /* LaunchScreen.storyboard in Resources */ = {isa = PBXBuildFile; fileRef = DCE5C49B1E08DEA500E203C5 /* LaunchScreen.storyboard */; };
/* End PBXBuildFile section */

/* Begin PBXFileReference section */
		DC2620281E08DF3E00B578F0 /* Observer.h */ = {isa = PBXFileReference; fileEncoding = 4; lastKnownFileType = sourcecode.c.h; path = Observer.h; sourceTree = "<group>"; };
		DC2620291E08E12D00B578F0 /* BlueBuff.h */ = {isa = PBXFileReference; fileEncoding = 4; lastKnownFileType = sourcecode.c.h; path = BlueBuff.h; sourceTree = "<group>"; };
		DC26202A1E08E12D00B578F0 /* BlueBuff.m */ = {isa = PBXFileReference; fileEncoding = 4; lastKnownFileType = sourcecode.c.objc; path = BlueBuff.m; sourceTree = "<group>"; };
		DC26202D1E0916A300B578F0 /* Summoner1.h */ = {isa = PBXFileReference; fileEncoding = 4; lastKnownFileType = sourcecode.c.h; path = Summoner1.h; sourceTree = "<group>"; };
		DC26202E1E0916A300B578F0 /* Summoner1.m */ = {isa = PBXFileReference; fileEncoding = 4; lastKnownFileType = sourcecode.c.objc; path = Summoner1.m; sourceTree = "<group>"; };
		DC2620301E09178A00B578F0 /* NotifyDataObject.h */ = {isa = PBXFileReference; fileEncoding = 4; lastKnownFileType = sourcecode.c.h; path = NotifyDataObject.h; sourceTree = "<group>"; };
		DC2620311E09178A00B578F0 /* NotifyDataObject.m */ = {isa = PBXFileReference; fileEncoding = 4; lastKnownFileType = sourcecode.c.objc; path = NotifyDataObject.m; sourceTree = "<group>"; };
		DC2620331E0918E100B578F0 /* Summoner2.h */ = {isa = PBXFileReference; fileEncoding = 4; lastKnownFileType = sourcecode.c.h; path = Summoner2.h; sourceTree = "<group>"; };
		DC2620341E0918E100B578F0 /* Summoner2.m */ = {isa = PBXFileReference; fileEncoding = 4; lastKnownFileType = sourcecode.c.objc; path = Summoner2.m; sourceTree = "<group>"; };
		DC2620361E09194100B578F0 /* Summoner3.h */ = {isa = PBXFileReference; fileEncoding = 4; lastKnownFileType = sourcecode.c.h; path = Summoner3.h; sourceTree = "<group>"; };
		DC2620371E09194100B578F0 /* Summoner3.m */ = {isa = PBXFileReference; fileEncoding = 4; lastKnownFileType = sourcecode.c.objc; path = Summoner3.m; sourceTree = "<group>"; };
		DCE5C48A1E08DEA500E203C5 /* SubjectObserver.app */ = {isa = PBXFileReference; explicitFileType = wrapper.application; includeInIndex = 0; path = SubjectObserver.app; sourceTree = BUILT_PRODUCTS_DIR; };
		DCE5C48E1E08DEA500E203C5 /* main.m */ = {isa = PBXFileReference; lastKnownFileType = sourcecode.c.objc; path = main.m; sourceTree = "<group>"; };
		DCE5C4901E08DEA500E203C5 /* AppDelegate.h */ = {isa = PBXFileReference; lastKnownFileType = sourcecode.c.h; path = AppDelegate.h; sourceTree = "<group>"; };
		DCE5C4911E08DEA500E203C5 /* AppDelegate.m */ = {isa = PBXFileReference; lastKnownFileType = sourcecode.c.objc; path = AppDelegate.m; sourceTree = "<group>"; };
		DCE5C4931E08DEA500E203C5 /* ViewController.h */ = {isa = PBXFileReference; lastKnownFileType = sourcecode.c.h; path = ViewController.h; sourceTree = "<group>"; };
		DCE5C4941E08DEA500E203C5 /* ViewController.m */ = {isa = PBXFileReference; lastKnownFileType = sourcecode.c.objc; path = ViewController.m; sourceTree = "<group>"; };
		DCE5C4971E08DEA500E203C5 /* Base */ = {isa = PBXFileReference; lastKnownFileType = file.storyboard; name = Base; path = Base.lproj/Main.storyboard; sourceTree = "<group>"; };
		DCE5C4991E08DEA500E203C5 /* Assets.xcassets */ = {isa = PBXFileReference; lastKnownFileType = folder.assetcatalog; path = Assets.xcassets; sourceTree = "<group>"; };
		DCE5C49C1E08DEA500E203C5 /* Base */ = {isa = PBXFileReference; lastKnownFileType = file.storyboard; name = Base; path = Base.lproj/LaunchScreen.storyboard; sourceTree = "<group>"; };
		DCE5C49E1E08DEA500E203C5 /* Info.plist */ = {isa = PBXFileReference; lastKnownFileType = text.plist.xml; path = Info.plist; sourceTree = "<group>"; };
		DCE5C4A41E08DEE500E203C5 /* Subject.h */ = {isa = PBXFileReference; fileEncoding = 4; lastKnownFileType = sourcecode.c.h; path = Subject.h; sourceTree = "<group>"; };
/* End PBXFileReference section */

/* Begin PBXFrameworksBuildPhase section */
		DCE5C4871E08DEA500E203C5 /* Frameworks */ = {
			isa = PBXFrameworksBuildPhase;
			buildActionMask = 2147483647;
			files = (
			);
			runOnlyForDeploymentPostprocessing = 0;
		};
/* End PBXFrameworksBuildPhase section */

/* Begin PBXGroup section */
		DCE5C4811E08DEA500E203C5 = {
			isa = PBXGroup;
			children = (
				DC2620361E09194100B578F0 /* Summoner3.h */,
				DC2620371E09194100B578F0 /* Summoner3.m */,
				DC2620331E0918E100B578F0 /* Summoner2.h */,
				DC2620341E0918E100B578F0 /* Summoner2.m */,
				DC26202D1E0916A300B578F0 /* Summoner1.h */,
				DC26202E1E0916A300B578F0 /* Summoner1.m */,
				DC2620291E08E12D00B578F0 /* BlueBuff.h */,
				DC26202A1E08E12D00B578F0 /* BlueBuff.m */,
				DC2620301E09178A00B578F0 /* NotifyDataObject.h */,
				DC2620311E09178A00B578F0 /* NotifyDataObject.m */,
				DC2620281E08DF3E00B578F0 /* Observer.h */,
				DCE5C4A41E08DEE500E203C5 /* Subject.h */,
				DCE5C48C1E08DEA500E203C5 /* SubjectObserver */,
				DCE5C48B1E08DEA500E203C5 /* Products */,
			);
			sourceTree = "<group>";
		};
		DCE5C48B1E08DEA500E203C5 /* Products */ = {
			isa = PBXGroup;
			children = (
				DCE5C48A1E08DEA500E203C5 /* SubjectObserver.app */,
			);
			name = Products;
			sourceTree = "<group>";
		};
		DCE5C48C1E08DEA500E203C5 /* SubjectObserver */ = {
			isa = PBXGroup;
			children = (
				DCE5C4901E08DEA500E203C5 /* AppDelegate.h */,
				DCE5C4911E08DEA500E203C5 /* AppDelegate.m */,
				DCE5C4931E08DEA500E203C5 /* ViewController.h */,
				DCE5C4941E08DEA500E203C5 /* ViewController.m */,
				DCE5C4961E08DEA500E203C5 /* Main.storyboard */,
				DCE5C4991E08DEA500E203C5 /* Assets.xcassets */,
				DCE5C49B1E08DEA500E203C5 /* LaunchScreen.storyboard */,
				DCE5C49E1E08DEA500E203C5 /* Info.plist */,
				DCE5C48D1E08DEA500E203C5 /* Supporting Files */,
			);
			path = SubjectObserver;
			sourceTree = "<group>";
		};
		DCE5C48D1E08DEA500E203C5 /* Supporting Files */ = {
			isa = PBXGroup;
			children = (
				DCE5C48E1E08DEA500E203C5 /* main.m */,
			);
			name = "Supporting Files";
			sourceTree = "<group>";
		};
/* End PBXGroup section */

/* Begin PBXNativeTarget section */
		DCE5C4891E08DEA500E203C5 /* SubjectObserver */ = {
			isa = PBXNativeTarget;
			buildConfigurationList = DCE5C4A11E08DEA500E203C5 /* Build configuration list for PBXNativeTarget "SubjectObserver" */;
			buildPhases = (
				DCE5C4861E08DEA500E203C5 /* Sources */,
				DCE5C4871E08DEA500E203C5 /* Frameworks */,
				DCE5C4881E08DEA500E203C5 /* Resources */,
			);
			buildRules = (
			);
			dependencies = (
			);
			name = SubjectObserver;
			productName = SubjectObserver;
			productReference = DCE5C48A1E08DEA500E203C5 /* SubjectObserver.app */;
			productType = "com.apple.product-type.application";
		};
/* End PBXNativeTarget section */

/* Begin PBXProject section */
		DCE5C4821E08DEA500E203C5 /* Project object */ = {
			isa = PBXProject;
			attributes = {
				LastUpgradeCheck = 0810;
				ORGANIZATIONNAME = liangjie;
				TargetAttributes = {
					DCE5C4891E08DEA500E203C5 = {
						CreatedOnToolsVersion = 8.1;
						DevelopmentTeam = 6DN7GZ678J;
						ProvisioningStyle = Automatic;
					};
				};
			};
			buildConfigurationList = DCE5C4851E08DEA500E203C5 /* Build configuration list for PBXProject "SubjectObserver" */;
			compatibilityVersion = "Xcode 3.2";
			developmentRegion = English;
			hasScannedForEncodings = 0;
			knownRegions = (
				en,
				Base,
			);
			mainGroup = DCE5C4811E08DEA500E203C5;
			productRefGroup = DCE5C48B1E08DEA500E203C5 /* Products */;
			projectDirPath = "";
			projectRoot = "";
			targets = (
				DCE5C4891E08DEA500E203C5 /* SubjectObserver */,
			);
		};
/* End PBXProject section */

/* Begin PBXResourcesBuildPhase section */
		DCE5C4881E08DEA500E203C5 /* Resources */ = {
			isa = PBXResourcesBuildPhase;
			buildActionMask = 2147483647;
			files = (
				DCE5C49D1E08DEA500E203C5 /* LaunchScreen.storyboard in Resources */,
				DCE5C49A1E08DEA500E203C5 /* Assets.xcassets in Resources */,
				DCE5C4981E08DEA500E203C5 /* Main.storyboard in Resources */,
			);
			runOnlyForDeploymentPostprocessing = 0;
		};
/* End PBXResourcesBuildPhase section */

/* Begin PBXSourcesBuildPhase section */
		DCE5C4861E08DEA500E203C5 /* Sources */ = {
			isa = PBXSourcesBuildPhase;
			buildActionMask = 2147483647;
			files = (
				DC26202B1E08E12D00B578F0 /* BlueBuff.m in Sources */,
				DCE5C4951E08DEA500E203C5 /* ViewController.m in Sources */,
				DCE5C4921E08DEA500E203C5 /* AppDelegate.m in Sources */,
				DC26202F1E0916A300B578F0 /* Summoner1.m in Sources */,
				DCE5C48F1E08DEA500E203C5 /* main.m in Sources */,
				DC2620321E09178A00B578F0 /* NotifyDataObject.m in Sources */,
				DC2620351E0918E100B578F0 /* Summoner2.m in Sources */,
				DC2620381E09194100B578F0 /* Summoner3.m in Sources */,
			);
			runOnlyForDeploymentPostprocessing = 0;
		};
/* End PBXSourcesBuildPhase section */

/* Begin PBXVariantGroup section */
		DCE5C4961E08DEA500E203C5 /* Main.storyboard */ = {
			isa = PBXVariantGroup;
			children = (
				DCE5C4971E08DEA500E203C5 /* Base */,
			);
			name = Main.storyboard;
			sourceTree = "<group>";
		};
		DCE5C49B1E08DEA500E203C5 /* LaunchScreen.storyboard */ = {
			isa = PBXVariantGroup;
			children = (
				DCE5C49C1E08DEA500E203C5 /* Base */,
			);
			name = LaunchScreen.storyboard;
			sourceTree = "<group>";
		};
/* End PBXVariantGroup section */

/* Begin XCBuildConfiguration section */
		DCE5C49F1E08DEA500E203C5 /* Debug */ = {
			isa = XCBuildConfiguration;
			buildSettings = {
				ALWAYS_SEARCH_USER_PATHS = NO;
				CLANG_ANALYZER_NONNULL = YES;
				CLANG_CXX_LANGUAGE_STANDARD = "gnu++0x";
				CLANG_CXX_LIBRARY = "libc++";
				CLANG_ENABLE_MODULES = YES;
				CLANG_ENABLE_OBJC_ARC = YES;
				CLANG_WARN_BOOL_CONVERSION = YES;
				CLANG_WARN_CONSTANT_CONVERSION = YES;
				CLANG_WARN_DIRECT_OBJC_ISA_USAGE = YES_ERROR;
				CLANG_WARN_DOCUMENTATION_COMMENTS = YES;
				CLANG_WARN_EMPTY_BODY = YES;
				CLANG_WARN_ENUM_CONVERSION = YES;
				CLANG_WARN_INFINITE_RECURSION = YES;
				CLANG_WARN_INT_CONVERSION = YES;
				CLANG_WARN_OBJC_ROOT_CLASS = YES_ERROR;
				CLANG_WARN_SUSPICIOUS_MOVES = YES;
				CLANG_WARN_UNREACHABLE_CODE = YES;
				CLANG_WARN__DUPLICATE_METHOD_MATCH = YES;
				"CODE_SIGN_IDENTITY[sdk=iphoneos*]" = "iPhone Developer";
				COPY_PHASE_STRIP = NO;
				DEBUG_INFORMATION_FORMAT = dwarf;
				ENABLE_STRICT_OBJC_MSGSEND = YES;
				ENABLE_TESTABILITY = YES;
				GCC_C_LANGUAGE_STANDARD = gnu99;
				GCC_DYNAMIC_NO_PIC = NO;
				GCC_NO_COMMON_BLOCKS = YES;
				GCC_OPTIMIZATION_LEVEL = 0;
				GCC_PREPROCESSOR_DEFINITIONS = (
					"DEBUG=1",
					"$(inherited)",
				);
				GCC_WARN_64_TO_32_BIT_CONVERSION = YES;
				GCC_WARN_ABOUT_RETURN_TYPE = YES_ERROR;
				GCC_WARN_UNDECLARED_SELECTOR = YES;
				GCC_WARN_UNINITIALIZED_AUTOS = YES_AGGRESSIVE;
				GCC_WARN_UNUSED_FUNCTION = YES;
				GCC_WARN_UNUSED_VARIABLE = YES;
				IPHONEOS_DEPLOYMENT_TARGET = 10.1;
				MTL_ENABLE_DEBUG_INFO = YES;
				ONLY_ACTIVE_ARCH = YES;
				SDKROOT = iphoneos;
				TARGETED_DEVICE_FAMILY = "1,2";
			};
			name = Debug;
		};
		DCE5C4A01E08DEA500E203C5 /* Release */ = {
			isa = XCBuildConfiguration;
			buildSettings = {
				ALWAYS_SEARCH_USER_PATHS = NO;
				CLANG_ANALYZER_NONNULL = YES;
				CLANG_CXX_LANGUAGE_STANDARD = "gnu++0x";
				CLANG_CXX_LIBRARY = "libc++";
				CLANG_ENABLE_MODULES = YES;
				CLANG_ENABLE_OBJC_ARC = YES;
				CLANG_WARN_BOOL_CONVERSION = YES;
				CLANG_WARN_CONSTANT_CONVERSION = YES;
				CLANG_WARN_DIRECT_OBJC_ISA_USAGE = YES_ERROR;
				CLANG_WARN_DOCUMENTATION_COMMENTS = YES;
				CLANG_WARN_EMPTY_BODY = YES;
				CLANG_WARN_ENUM_CONVERSION = YES;
				CLANG_WARN_INFINITE_RECURSION = YES;
				CLANG_WARN_INT_CONVERSION = YES;
				CLANG_WARN_OBJC_ROOT_CLASS = YES_ERROR;
				CLANG_WARN_SUSPICIOUS_MOVES = YES;
				CLANG_WARN_UNREACHABLE_CODE = YES;
				CLANG_WARN__DUPLICATE_METHOD_MATCH = YES;
				"CODE_SIGN_IDENTITY[sdk=iphoneos*]" = "iPhone Developer";
				COPY_PHASE_STRIP = NO;
				DEBUG_INFORMATION_FORMAT = "dwarf-with-dsym";
				ENABLE_NS_ASSERTIONS = NO;
				ENABLE_STRICT_OBJC_MSGSEND = YES;
				GCC_C_LANGUAGE_STANDARD = gnu99;
				GCC_NO_COMMON_BLOCKS = YES;
				GCC_WARN_64_TO_32_BIT_CONVERSION = YES;
				GCC_WARN_ABOUT_RETURN_TYPE = YES_ERROR;
				GCC_WARN_UNDECLARED_SELECTOR = YES;
				GCC_WARN_UNINITIALIZED_AUTOS = YES_AGGRESSIVE;
				GCC_WARN_UNUSED_FUNCTION = YES;
				GCC_WARN_UNUSED_VARIABLE = YES;
				IPHONEOS_DEPLOYMENT_TARGET = 10.1;
				MTL_ENABLE_DEBUG_INFO = NO;
				SDKROOT = iphoneos;
				TARGETED_DEVICE_FAMILY = "1,2";
				VALIDATE_PRODUCT = YES;
			};
			name = Release;
		};
		DCE5C4A21E08DEA500E203C5 /* Debug */ = {
			isa = XCBuildConfiguration;
			buildSettings = {
				ASSETCATALOG_COMPILER_APPICON_NAME = AppIcon;
				DEVELOPMENT_TEAM = 6DN7GZ678J;
				INFOPLIST_FILE = SubjectObserver/Info.plist;
				IPHONEOS_DEPLOYMENT_TARGET = 8.0;
				LD_RUNPATH_SEARCH_PATHS = "$(inherited) @executable_path/Frameworks";
				PRODUCT_BUNDLE_IDENTIFIER = com.liangjie.SubjectObserver;
				PRODUCT_NAME = "$(TARGET_NAME)";
			};
			name = Debug;
		};
		DCE5C4A31E08DEA500E203C5 /* Release */ = {
			isa = XCBuildConfiguration;
			buildSettings = {
				ASSETCATALOG_COMPILER_APPICON_NAME = AppIcon;
				DEVELOPMENT_TEAM = 6DN7GZ678J;
				INFOPLIST_FILE = SubjectObserver/Info.plist;
				IPHONEOS_DEPLOYMENT_TARGET = 8.0;
				LD_RUNPATH_SEARCH_PATHS = "$(inherited) @executable_path/Frameworks";
				PRODUCT_BUNDLE_IDENTIFIER = com.liangjie.SubjectObserver;
				PRODUCT_NAME = "$(TARGET_NAME)";
			};
			name = Release;
		};
/* End XCBuildConfiguration section */

/* Begin XCConfigurationList section */
		DCE5C4851E08DEA500E203C5 /* Build configuration list for PBXProject "SubjectObserver" */ = {
			isa = XCConfigurationList;
			buildConfigurations = (
				DCE5C49F1E08DEA500E203C5 /* Debug */,
				DCE5C4A01E08DEA500E203C5 /* Release */,
			);
			defaultConfigurationIsVisible = 0;
			defaultConfigurationName = Release;
		};
		DCE5C4A11E08DEA500E203C5 /* Build configuration list for PBXNativeTarget "SubjectObserver" */ = {
			isa = XCConfigurationList;
			buildConfigurations = (
				DCE5C4A21E08DEA500E203C5 /* Debug */,
				DCE5C4A31E08DEA500E203C5 /* Release */,
			);
			defaultConfigurationIsVisible = 0;
			defaultConfigurationName = Release;
		};
/* End XCConfigurationList section */
	};
	rootObject = DCE5C4821E08DEA500E203C5 /* Project object */;
}
